
Microsoft Visual Studio Solution File, Format Version 12.00
# Visual Studio Version 16
VisualStudioVersion = 16.0.29820.132
MinimumVisualStudioVersion = 10.0.40219.1
Project("{FAE04EC0-301F-11D3-BF4B-00C04F79EFBC}") = "CIT365_W9_MegaDeskV2", "CIT365_W9_MegaDeskV2\CIT365_W9_MegaDeskV2.csproj", "{DB3EE5BB-F11E-4291-A40D-CF7A64EE4CA6}"
EndProject
Global
	GlobalSection(SolutionConfigurationPlatforms) = preSolution
		Debug|Any CPU = Debug|Any CPU
		Release|Any CPU = Release|Any CPU
	EndGlobalSection
	GlobalSection(ProjectConfigurationPlatforms) = postSolution
		{DB3EE5BB-F11E-4291-A40D-CF7A64EE4CA6}.Debug|Any CPU.ActiveCfg = Debug|Any CPU
		{DB3EE5BB-F11E-4291-A40D-CF7A64EE4CA6}.Debug|Any CPU.Build.0 = Debug|Any CPU
		{DB3EE5BB-F11E-4291-A40D-CF7A64EE4CA6}.Release|Any CPU.ActiveCfg = Release|Any CPU
		{DB3EE5BB-F11E-4291-A40D-CF7A64EE4CA6}.Release|Any CPU.Build.0 = Release|Any CPU
	EndGlobalSection
	GlobalSection(SolutionProperties) = preSolution
		HideSolutionNode = FALSE
	EndGlobalSection
	GlobalSection(ExtensibilityGlobals) = postSolution
		SolutionGuid = {9054BECB-8BBB-4EDE-9AFC-758890E08DE3}
	EndGlobalSection
EndGlobal
